{
  "name": "zome",
  "version": "1.0.0",
  "lockfileVersion": 3,
  "requires": true,
  "packages": {
    "": {
      "name": "zome",
      "version": "1.0.0",
      "license": "ISC",
      "dependencies": {
        "@darksoil-studio/file-storage-zome": "0.400.0-rev.d4819e883590e7f23589a2f137512910209ff424"
      }
    },
    "node_modules/@bitgo/blake2b": {
      "version": "3.2.4",
      "resolved": "https://registry.npmjs.org/@bitgo/blake2b/-/blake2b-3.2.4.tgz",
      "integrity": "sha512-46PEgEVPxecNJ/xczggIllSxIkFIvvbVM0OfIDdNJ5qpFHUeBCkNIiGdzC3fYZlsv7bVTdUZOj79GcFBLMYBqA==",
      "license": "ISC",
      "dependencies": {
        "@bitgo/blake2b-wasm": "^3.2.3",
        "nanoassert": "^2.0.0"
      }
    },
    "node_modules/@bitgo/blake2b-wasm": {
      "version": "3.2.3",
      "resolved": "https://registry.npmjs.org/@bitgo/blake2b-wasm/-/blake2b-wasm-3.2.3.tgz",
      "integrity": "sha512-NaurBrMaEpjfg7EdUJgW/c6byt27O6q1ZaxB5Ita10MjjYjUu0SyYF4q7JPNxpHF/lMxb0YZakOxigbDBu9Jjw==",
      "license": "MIT",
      "dependencies": {
        "nanoassert": "^1.0.0"
      }
    },
    "node_modules/@bitgo/blake2b-wasm/node_modules/nanoassert": {
      "version": "1.1.0",
      "resolved": "https://registry.npmjs.org/nanoassert/-/nanoassert-1.1.0.tgz",
      "integrity": "sha512-C40jQ3NzfkP53NsO8kEOFd79p4b9kDXQMwgiY1z8ZwrDZgUyom0AHwGegF4Dm99L+YoYhuaB0ceerUcXmqr1rQ==",
      "license": "ISC"
    },
    "node_modules/@ctrl/tinycolor": {
      "version": "4.1.0",
      "resolved": "https://registry.npmjs.org/@ctrl/tinycolor/-/tinycolor-4.1.0.tgz",
      "integrity": "sha512-WyOx8cJQ+FQus4Mm4uPIZA64gbk3Wxh0so5Lcii0aJifqwoVOlfFtorjLE0Hen4OYyHZMXDWqMmaQemBhgxFRQ==",
      "license": "MIT",
      "engines": {
        "node": ">=14"
      }
    },
    "node_modules/@darksoil-studio/file-storage-zome": {
      "version": "0.400.0-rev.d4819e883590e7f23589a2f137512910209ff424",
      "resolved": "https://registry.npmjs.org/@darksoil-studio/file-storage-zome/-/file-storage-zome-0.400.0-rev.d4819e883590e7f23589a2f137512910209ff424.tgz",
      "integrity": "sha512-O9yCN7/3Wp71HBTKyawEpwAtLp+uZ2iA87aMufnYWOdBmlgBQk0wAKRgESPX6t/POkn7COTTRL9exsaEKkbxdQ==",
      "license": "MIT",
      "dependencies": {
        "@holochain/client": "^0.18.0",
        "@lit-labs/task": "^2.0.0",
        "@lit/context": "^1.0.0",
        "@lit/localize": "^0.12.0",
        "@mdi/js": "^7.4.47",
        "@scoped-elements/dropzone": "^0.2.1",
        "@shoelace-style/shoelace": "^2.11.0",
        "@tnesh-stack/elements": "^0.400.0",
        "@tnesh-stack/utils": "^0.400.0",
        "idb-keyval": "^6.2.1",
        "js-base64": "^3.7.7",
        "lit": "^3.0.0"
      }
    },
    "node_modules/@floating-ui/core": {
      "version": "1.6.9",
      "resolved": "https://registry.npmjs.org/@floating-ui/core/-/core-1.6.9.tgz",
      "integrity": "sha512-uMXCuQ3BItDUbAMhIXw7UPXRfAlOAvZzdK9BWpE60MCn+Svt3aLn9jsPTi/WNGlRUu2uI0v5S7JiIUsbsvh3fw==",
      "license": "MIT",
      "dependencies": {
        "@floating-ui/utils": "^0.2.9"
      }
    },
    "node_modules/@floating-ui/dom": {
      "version": "1.6.13",
      "resolved": "https://registry.npmjs.org/@floating-ui/dom/-/dom-1.6.13.tgz",
      "integrity": "sha512-umqzocjDgNRGTuO7Q8CU32dkHkECqI8ZdMZ5Swb6QAM0t5rnlrN3lGo1hdpscRd3WS8T6DKYK4ephgIH9iRh3w==",
      "license": "MIT",
      "dependencies": {
        "@floating-ui/core": "^1.6.0",
        "@floating-ui/utils": "^0.2.9"
      }
    },
    "node_modules/@floating-ui/utils": {
      "version": "0.2.9",
      "resolved": "https://registry.npmjs.org/@floating-ui/utils/-/utils-0.2.9.tgz",
      "integrity": "sha512-MDWhGtE+eHw5JW7lq4qhc5yRLS11ERl1c7Z6Xd0a58DozHES6EnNNwUWbMiG4J9Cgj053Bhk8zvlhFYKVhULwg==",
      "license": "MIT"
    },
    "node_modules/@holo-host/identicon": {
      "version": "0.1.0",
      "resolved": "https://registry.npmjs.org/@holo-host/identicon/-/identicon-0.1.0.tgz",
      "integrity": "sha512-Dn5pTV/m3XaK1Zvq3liw/vQUt7goM7Y84x2zUyH8cb9CNMs4kPCNHs3kalbJZ/ymzFvwcdiLwwNW8AKk+WWN5A==",
      "license": "ISC"
    },
    "node_modules/@holochain/client": {
      "version": "0.18.0",
      "resolved": "https://registry.npmjs.org/@holochain/client/-/client-0.18.0.tgz",
      "integrity": "sha512-I+YIJ2ZeDS8HeUdRvV1Ti9O8m3YPHti8mpUoqg9GZ0A77y+3NIihsB1X8vQBRBFKwNUyZ14U/ZgWQ8/2Y0/T5w==",
      "license": "CAL-1.0",
      "dependencies": {
        "@bitgo/blake2b": "^3.2.4",
        "@holochain/serialization": "^0.1.0-beta-rc.3",
        "@msgpack/msgpack": "^2.8.0",
        "emittery": "^1.0.1",
        "isomorphic-ws": "^5.0.0",
        "js-base64": "^3.7.5",
        "libsodium-wrappers": "^0.7.13",
        "lodash-es": "^4.17.21",
        "ws": "^8.14.2"
      },
      "engines": {
        "node": ">=18.0.0 || >=20.0.0"
      }
    },
    "node_modules/@holochain/serialization": {
      "version": "0.1.0-beta-rc.3",
      "resolved": "https://registry.npmjs.org/@holochain/serialization/-/serialization-0.1.0-beta-rc.3.tgz",
      "integrity": "sha512-DJx4V2KXHVLciyOGjOYKTM/JLBpBEZ3RsPIRCgf7qmwhQdxXvhi2p+oFFRD51yUT5uC1/MzIVeJCl/R60PwFbw==",
      "deprecated": "Holochain no longer requires canonical serialization of zome call payloads",
      "license": "CAL-1.0"
    },
    "node_modules/@lit-labs/router": {
      "version": "0.1.3",
      "resolved": "https://registry.npmjs.org/@lit-labs/router/-/router-0.1.3.tgz",
      "integrity": "sha512-G+HHo57KsArG58LOI8DLtipFfC9tVV4lGaDy2I8hYQvS2P/pV5wQObrpFYPZswse8D47y8VuHNXNdVPQOVc5MA==",
      "license": "BSD-3-Clause",
      "dependencies": {
        "lit": "^2.0.0 || ^3.0.0"
      }
    },
    "node_modules/@lit-labs/ssr-dom-shim": {
      "version": "1.3.0",
      "resolved": "https://registry.npmjs.org/@lit-labs/ssr-dom-shim/-/ssr-dom-shim-1.3.0.tgz",
      "integrity": "sha512-nQIWonJ6eFAvUUrSlwyHDm/aE8PBDu5kRpL0vHMg6K8fK3Diq1xdPjTnsJSwxABhaZ+5eBi1btQB5ShUTKo4nQ==",
      "license": "BSD-3-Clause"
    },
    "node_modules/@lit-labs/task": {
      "version": "2.1.2",
      "resolved": "https://registry.npmjs.org/@lit-labs/task/-/task-2.1.2.tgz",
      "integrity": "sha512-pDjPYojmCXnOezT/4BgqxHA2kahmSsCE0y6uPCYyVqigIx9DJav05s0KAtD9IImTY3LvWu5isSlq6nkWagAybA==",
      "license": "BSD-3-Clause",
      "dependencies": {
        "@lit/reactive-element": "^1.1.0"
      }
    },
    "node_modules/@lit/context": {
      "version": "1.1.3",
      "resolved": "https://registry.npmjs.org/@lit/context/-/context-1.1.3.tgz",
      "integrity": "sha512-Auh37F4S0PZM93HTDfZWs97mmzaQ7M3vnTc9YvxAGyP3UItSK/8Fs0vTOGT+njuvOwbKio/l8Cx/zWL4vkutpQ==",
      "license": "BSD-3-Clause",
      "dependencies": {
        "@lit/reactive-element": "^1.6.2 || ^2.0.0"
      }
    },
    "node_modules/@lit/localize": {
      "version": "0.12.2",
      "resolved": "https://registry.npmjs.org/@lit/localize/-/localize-0.12.2.tgz",
      "integrity": "sha512-Qv9kvgJKDq/JVSwXOxuWvQnnOBysHA99ti9im9a4fImCmx+fto+XXcUYQbjZHqiueEEc4V20PcRDPO+1g/6seQ==",
      "license": "BSD-3-Clause",
      "dependencies": {
        "lit": "^3.2.0"
      }
    },
    "node_modules/@lit/react": {
      "version": "1.0.7",
      "resolved": "https://registry.npmjs.org/@lit/react/-/react-1.0.7.tgz",
      "integrity": "sha512-cencnwwLXQKiKxjfFzSgZRngcWJzUDZi/04E0fSaF86wZgchMdvTyu+lE36DrUfvuus3bH8+xLPrhM1cTjwpzw==",
      "license": "BSD-3-Clause",
      "peerDependencies": {
        "@types/react": "17 || 18 || 19"
      }
    },
    "node_modules/@lit/reactive-element": {
      "version": "1.6.3",
      "resolved": "https://registry.npmjs.org/@lit/reactive-element/-/reactive-element-1.6.3.tgz",
      "integrity": "sha512-QuTgnG52Poic7uM1AN5yJ09QMe0O28e10XzSvWDz02TJiiKee4stsiownEIadWm8nYzyDAyT+gKzUoZmiWQtsQ==",
      "license": "BSD-3-Clause",
      "dependencies": {
        "@lit-labs/ssr-dom-shim": "^1.0.0"
      }
    },
    "node_modules/@mdi/js": {
      "version": "7.4.47",
      "resolved": "https://registry.npmjs.org/@mdi/js/-/js-7.4.47.tgz",
      "integrity": "sha512-KPnNOtm5i2pMabqZxpUz7iQf+mfrYZyKCZ8QNz85czgEt7cuHcGorWfdzUMWYA0SD+a6Hn4FmJ+YhzzzjkTZrQ==",
      "license": "Apache-2.0"
    },
    "node_modules/@msgpack/msgpack": {
      "version": "2.8.0",
      "resolved": "https://registry.npmjs.org/@msgpack/msgpack/-/msgpack-2.8.0.tgz",
      "integrity": "sha512-h9u4u/jiIRKbq25PM+zymTyW6bhTzELvOoUd+AvYriWOAKpLGnIamaET3pnHYoI5iYphAHBI4ayx0MehR+VVPQ==",
      "license": "ISC",
      "engines": {
        "node": ">= 10"
      }
    },
    "node_modules/@scoped-elements/dropzone": {
      "version": "0.2.7",
      "resolved": "https://registry.npmjs.org/@scoped-elements/dropzone/-/dropzone-0.2.7.tgz",
      "integrity": "sha512-/3qcTHanOQ7YayikIw2cmmSA0QMEcedadHiIHiUjNtyf9VjwVL50HLt09MKkRQYKbxFbR4EsKRFTFmiJdmiJew==",
      "license": "MIT",
      "dependencies": {
        "@mdi/js": "^7.2.96",
        "@shoelace-style/shoelace": "^2.3.0",
        "@types/dropzone": "^5.7.4",
        "dropzone": "^5.9.3",
        "lit": "^2.0.0"
      }
    },
    "node_modules/@scoped-elements/dropzone/node_modules/lit": {
      "version": "2.8.0",
      "resolved": "https://registry.npmjs.org/lit/-/lit-2.8.0.tgz",
      "integrity": "sha512-4Sc3OFX9QHOJaHbmTMk28SYgVxLN3ePDjg7hofEft2zWlehFL3LiAuapWc4U/kYwMYJSh2hTCPZ6/LIC7ii0MA==",
      "license": "BSD-3-Clause",
      "dependencies": {
        "@lit/reactive-element": "^1.6.0",
        "lit-element": "^3.3.0",
        "lit-html": "^2.8.0"
      }
    },
    "node_modules/@scoped-elements/dropzone/node_modules/lit-element": {
      "version": "3.3.3",
      "resolved": "https://registry.npmjs.org/lit-element/-/lit-element-3.3.3.tgz",
      "integrity": "sha512-XbeRxmTHubXENkV4h8RIPyr8lXc+Ff28rkcQzw3G6up2xg5E8Zu1IgOWIwBLEQsu3cOVFqdYwiVi0hv0SlpqUA==",
      "license": "BSD-3-Clause",
      "dependencies": {
        "@lit-labs/ssr-dom-shim": "^1.1.0",
        "@lit/reactive-element": "^1.3.0",
        "lit-html": "^2.8.0"
      }
    },
    "node_modules/@scoped-elements/dropzone/node_modules/lit-html": {
      "version": "2.8.0",
      "resolved": "https://registry.npmjs.org/lit-html/-/lit-html-2.8.0.tgz",
      "integrity": "sha512-o9t+MQM3P4y7M7yNzqAyjp7z+mQGa4NS4CxiyLqFPyFWyc4O+nodLrkrxSaCTrla6M5YOLaT3RpbbqjszB5g3Q==",
      "license": "BSD-3-Clause",
      "dependencies": {
        "@types/trusted-types": "^2.0.2"
      }
    },
    "node_modules/@shoelace-style/animations": {
      "version": "1.2.0",
      "resolved": "https://registry.npmjs.org/@shoelace-style/animations/-/animations-1.2.0.tgz",
      "integrity": "sha512-avvo1xxkLbv2dgtabdewBbqcJfV0e0zCwFqkPMnHFGbJbBHorRFfMAHh1NG9ymmXn0jW95ibUVH03E1NYXD6Gw==",
      "license": "MIT",
      "funding": {
        "type": "individual",
        "url": "https://github.com/sponsors/claviska"
      }
    },
    "node_modules/@shoelace-style/localize": {
      "version": "3.2.1",
      "resolved": "https://registry.npmjs.org/@shoelace-style/localize/-/localize-3.2.1.tgz",
      "integrity": "sha512-r4C9C/5kSfMBIr0D9imvpRdCNXtUNgyYThc4YlS6K5Hchv1UyxNQ9mxwj+BTRH2i1Neits260sR3OjKMnplsFA==",
      "license": "MIT"
    },
    "node_modules/@shoelace-style/shoelace": {
      "version": "2.20.0",
      "resolved": "https://registry.npmjs.org/@shoelace-style/shoelace/-/shoelace-2.20.0.tgz",
      "integrity": "sha512-Qq/kPtWC//HVyHX6EZ/i5y9zTMORjqV4lrxU2sbHLh+qdc9DlroYVSSqa2eqkmSzeLO+gHPZrjYmxDTja85iAA==",
      "license": "MIT",
      "dependencies": {
        "@ctrl/tinycolor": "^4.1.0",
        "@floating-ui/dom": "^1.6.12",
        "@lit/react": "^1.0.6",
        "@shoelace-style/animations": "^1.2.0",
        "@shoelace-style/localize": "^3.2.1",
        "composed-offset-position": "^0.0.6",
        "lit": "^3.2.1",
        "qr-creator": "^1.0.0"
      },
      "engines": {
        "node": ">=14.17.0"
      },
      "funding": {
        "type": "individual",
        "url": "https://github.com/sponsors/claviska"
      }
    },
    "node_modules/@tnesh-stack/elements": {
      "version": "0.400.1",
      "resolved": "https://registry.npmjs.org/@tnesh-stack/elements/-/elements-0.400.1.tgz",
      "integrity": "sha512-kKD4G1KjzqUNjlOY8xjIH7/zRyYztJZgBTv3FhMRQ1DKoB6pCXPpuKuuxY85wFIioeCX1aegwbGaFJCLMzqsXQ==",
      "dependencies": {
        "@holo-host/identicon": "^0.1.0",
        "@holochain/client": "^0.18.0",
        "@lit-labs/router": "^0.1.3",
        "@lit/context": "^1.0.0",
        "@lit/localize": "^0.12.0",
        "@mdi/js": "^7.1.96",
        "@shoelace-style/shoelace": "^2.11.0",
        "@tnesh-stack/utils": "^0.400.0",
        "lit": "^3.0.2"
      }
    },
    "node_modules/@tnesh-stack/utils": {
      "version": "0.400.0",
      "resolved": "https://registry.npmjs.org/@tnesh-stack/utils/-/utils-0.400.0.tgz",
      "integrity": "sha512-M03HRTPdXWZJNAl9JIS42WWkZLVb4Au/yZnijdrrq0L/swjU515rOAefTPljKzn7CmU7uH6uXmGFIob0/eE0kA==",
      "dependencies": {
        "@holochain/client": "^0.18.0",
        "@msgpack/msgpack": "^2.8.0",
        "blakejs": "^1.2.1",
        "emittery": "^1.0.1",
        "js-base64": "^3.7.7",
        "lodash-es": "^4.17.21",
        "sort-keys": "^5.0.0"
      }
    },
    "node_modules/@types/dropzone": {
      "version": "5.7.9",
      "resolved": "https://registry.npmjs.org/@types/dropzone/-/dropzone-5.7.9.tgz",
      "integrity": "sha512-c6IlUz+DeQ4gANzJKn8fdP5rO6UyDNOyWLjfPbDRUHCNsXaAVKQOpuOv6LWEyvaK7pLqmoIpvSIlvBgGsk1vGw==",
      "license": "MIT",
      "dependencies": {
        "@types/jquery": "*"
      }
    },
    "node_modules/@types/jquery": {
      "version": "3.5.32",
      "resolved": "https://registry.npmjs.org/@types/jquery/-/jquery-3.5.32.tgz",
      "integrity": "sha512-b9Xbf4CkMqS02YH8zACqN1xzdxc3cO735Qe5AbSUFmyOiaWAbcpqh9Wna+Uk0vgACvoQHpWDg2rGdHkYPLmCiQ==",
      "license": "MIT",
      "dependencies": {
        "@types/sizzle": "*"
      }
    },
    "node_modules/@types/react": {
      "version": "19.0.8",
      "resolved": "https://registry.npmjs.org/@types/react/-/react-19.0.8.tgz",
      "integrity": "sha512-9P/o1IGdfmQxrujGbIMDyYaaCykhLKc0NGCtYcECNUr9UAaDe4gwvV9bR6tvd5Br1SG0j+PBpbKr2UYY8CwqSw==",
      "license": "MIT",
      "peer": true,
      "dependencies": {
        "csstype": "^3.0.2"
      }
    },
    "node_modules/@types/sizzle": {
      "version": "2.3.9",
      "resolved": "https://registry.npmjs.org/@types/sizzle/-/sizzle-2.3.9.tgz",
      "integrity": "sha512-xzLEyKB50yqCUPUJkIsrVvoWNfFUbIZI+RspLWt8u+tIW/BetMBZtgV2LY/2o+tYH8dRvQ+eoPf3NdhQCcLE2w==",
      "license": "MIT"
    },
    "node_modules/@types/trusted-types": {
      "version": "2.0.7",
      "resolved": "https://registry.npmjs.org/@types/trusted-types/-/trusted-types-2.0.7.tgz",
      "integrity": "sha512-ScaPdn1dQczgbl0QFTeTOmVHFULt394XJgOQNoyVhZ6r2vLnMLJfBPd53SB52T/3G36VI1/g2MZaX0cwDuXsfw==",
      "license": "MIT"
    },
    "node_modules/blakejs": {
      "version": "1.2.1",
      "resolved": "https://registry.npmjs.org/blakejs/-/blakejs-1.2.1.tgz",
      "integrity": "sha512-QXUSXI3QVc/gJME0dBpXrag1kbzOqCjCX8/b54ntNyW6sjtoqxqRk3LTmXzaJoh71zMsDCjM+47jS7XiwN/+fQ==",
      "license": "MIT"
    },
    "node_modules/composed-offset-position": {
      "version": "0.0.6",
      "resolved": "https://registry.npmjs.org/composed-offset-position/-/composed-offset-position-0.0.6.tgz",
      "integrity": "sha512-Q7dLompI6lUwd7LWyIcP66r4WcS9u7AL2h8HaeipiRfCRPLMWqRx8fYsjb4OHi6UQFifO7XtNC2IlEJ1ozIFxw==",
      "license": "MIT",
      "peerDependencies": {
        "@floating-ui/utils": "^0.2.5"
      }
    },
    "node_modules/csstype": {
      "version": "3.1.3",
      "resolved": "https://registry.npmjs.org/csstype/-/csstype-3.1.3.tgz",
      "integrity": "sha512-M1uQkMl8rQK/szD0LNhtqxIPLpimGm8sOBwU7lLnCpSbTyY3yeU1Vc7l4KT5zT4s/yOxHH5O7tIuuLOCnLADRw==",
      "license": "MIT",
      "peer": true
    },
    "node_modules/dropzone": {
      "version": "5.9.3",
      "resolved": "https://registry.npmjs.org/dropzone/-/dropzone-5.9.3.tgz",
      "integrity": "sha512-Azk8kD/2/nJIuVPK+zQ9sjKMRIpRvNyqn9XwbBHNq+iNuSccbJS6hwm1Woy0pMST0erSo0u4j+KJaodndDk4vA==",
      "license": "MIT"
    },
    "node_modules/emittery": {
      "version": "1.1.0",
      "resolved": "https://registry.npmjs.org/emittery/-/emittery-1.1.0.tgz",
      "integrity": "sha512-rsX7ktqARv/6UQDgMaLfIqUWAEzzbCQiVh7V9rhDXp6c37yoJcks12NVD+XPkgl4AEavmNhVfrhGoqYwIsMYYA==",
      "license": "MIT",
      "engines": {
        "node": ">=14.16"
      },
      "funding": {
        "url": "https://github.com/sindresorhus/emittery?sponsor=1"
      }
    },
    "node_modules/idb-keyval": {
      "version": "6.2.1",
      "resolved": "https://registry.npmjs.org/idb-keyval/-/idb-keyval-6.2.1.tgz",
      "integrity": "sha512-8Sb3veuYCyrZL+VBt9LJfZjLUPWVvqn8tG28VqYNFCo43KHcKuq+b4EiXGeuaLAQWL2YmyDgMp2aSpH9JHsEQg==",
      "license": "Apache-2.0"
    },
    "node_modules/is-plain-obj": {
      "version": "4.1.0",
      "resolved": "https://registry.npmjs.org/is-plain-obj/-/is-plain-obj-4.1.0.tgz",
      "integrity": "sha512-+Pgi+vMuUNkJyExiMBt5IlFoMyKnr5zhJ4Uspz58WOhBF5QoIZkFyNHIbBAtHwzVAgk5RtndVNsDRN61/mmDqg==",
      "license": "MIT",
      "engines": {
        "node": ">=12"
      },
      "funding": {
        "url": "https://github.com/sponsors/sindresorhus"
      }
    },
    "node_modules/isomorphic-ws": {
      "version": "5.0.0",
      "resolved": "https://registry.npmjs.org/isomorphic-ws/-/isomorphic-ws-5.0.0.tgz",
      "integrity": "sha512-muId7Zzn9ywDsyXgTIafTry2sV3nySZeUDe6YedVd1Hvuuep5AsIlqK+XefWpYTyJG5e503F2xIuT2lcU6rCSw==",
      "license": "MIT",
      "peerDependencies": {
        "ws": "*"
      }
    },
    "node_modules/js-base64": {
      "version": "3.7.7",
      "resolved": "https://registry.npmjs.org/js-base64/-/js-base64-3.7.7.tgz",
      "integrity": "sha512-7rCnleh0z2CkXhH67J8K1Ytz0b2Y+yxTPL+/KOJoa20hfnVQ/3/T6W/KflYI4bRHRagNeXeU2bkNGI3v1oS/lw==",
      "license": "BSD-3-Clause"
    },
    "node_modules/libsodium": {
      "version": "0.7.15",
      "resolved": "https://registry.npmjs.org/libsodium/-/libsodium-0.7.15.tgz",
      "integrity": "sha512-sZwRknt/tUpE2AwzHq3jEyUU5uvIZHtSssktXq7owd++3CSgn8RGrv6UZJJBpP7+iBghBqe7Z06/2M31rI2NKw==",
      "license": "ISC"
    },
    "node_modules/libsodium-wrappers": {
      "version": "0.7.15",
      "resolved": "https://registry.npmjs.org/libsodium-wrappers/-/libsodium-wrappers-0.7.15.tgz",
      "integrity": "sha512-E4anqJQwcfiC6+Yrl01C1m8p99wEhLmJSs0VQqST66SbQXXBoaJY0pF4BNjRYa/sOQAxx6lXAaAFIlx+15tXJQ==",
      "license": "ISC",
      "dependencies": {
        "libsodium": "^0.7.15"
      }
    },
    "node_modules/lit": {
      "version": "3.2.1",
      "resolved": "https://registry.npmjs.org/lit/-/lit-3.2.1.tgz",
      "integrity": "sha512-1BBa1E/z0O9ye5fZprPtdqnc0BFzxIxTTOO/tQFmyC/hj1O3jL4TfmLBw0WEwjAokdLwpclkvGgDJwTIh0/22w==",
      "license": "BSD-3-Clause",
      "dependencies": {
        "@lit/reactive-element": "^2.0.4",
        "lit-element": "^4.1.0",
        "lit-html": "^3.2.0"
      }
    },
    "node_modules/lit-element": {
      "version": "4.1.1",
      "resolved": "https://registry.npmjs.org/lit-element/-/lit-element-4.1.1.tgz",
      "integrity": "sha512-HO9Tkkh34QkTeUmEdNYhMT8hzLid7YlMlATSi1q4q17HE5d9mrrEHJ/o8O2D0cMi182zK1F3v7x0PWFjrhXFew==",
      "license": "BSD-3-Clause",
      "dependencies": {
        "@lit-labs/ssr-dom-shim": "^1.2.0",
        "@lit/reactive-element": "^2.0.4",
        "lit-html": "^3.2.0"
      }
    },
    "node_modules/lit-element/node_modules/@lit/reactive-element": {
      "version": "2.0.4",
      "resolved": "https://registry.npmjs.org/@lit/reactive-element/-/reactive-element-2.0.4.tgz",
      "integrity": "sha512-GFn91inaUa2oHLak8awSIigYz0cU0Payr1rcFsrkf5OJ5eSPxElyZfKh0f2p9FsTiZWXQdWGJeXZICEfXXYSXQ==",
      "license": "BSD-3-Clause",
      "dependencies": {
        "@lit-labs/ssr-dom-shim": "^1.2.0"
      }
    },
    "node_modules/lit-html": {
      "version": "3.2.1",
      "resolved": "https://registry.npmjs.org/lit-html/-/lit-html-3.2.1.tgz",
      "integrity": "sha512-qI/3lziaPMSKsrwlxH/xMgikhQ0EGOX2ICU73Bi/YHFvz2j/yMCIrw4+puF2IpQ4+upd3EWbvnHM9+PnJn48YA==",
      "license": "BSD-3-Clause",
      "dependencies": {
        "@types/trusted-types": "^2.0.2"
      }
    },
    "node_modules/lit/node_modules/@lit/reactive-element": {
      "version": "2.0.4",
      "resolved": "https://registry.npmjs.org/@lit/reactive-element/-/reactive-element-2.0.4.tgz",
      "integrity": "sha512-GFn91inaUa2oHLak8awSIigYz0cU0Payr1rcFsrkf5OJ5eSPxElyZfKh0f2p9FsTiZWXQdWGJeXZICEfXXYSXQ==",
      "license": "BSD-3-Clause",
      "dependencies": {
        "@lit-labs/ssr-dom-shim": "^1.2.0"
      }
    },
    "node_modules/lodash-es": {
      "version": "4.17.21",
      "resolved": "https://registry.npmjs.org/lodash-es/-/lodash-es-4.17.21.tgz",
      "integrity": "sha512-mKnC+QJ9pWVzv+C4/U3rRsHapFfHvQFoFB92e52xeyGMcX6/OlIl78je1u8vePzYZSkkogMPJ2yjxxsb89cxyw==",
      "license": "MIT"
    },
    "node_modules/nanoassert": {
      "version": "2.0.0",
      "resolved": "https://registry.npmjs.org/nanoassert/-/nanoassert-2.0.0.tgz",
      "integrity": "sha512-7vO7n28+aYO4J+8w96AzhmU8G+Y/xpPDJz/se19ICsqj/momRbb9mh9ZUtkoJ5X3nTnPdhEJyc0qnM6yAsHBaA==",
      "license": "ISC"
    },
    "node_modules/qr-creator": {
      "version": "1.0.0",
      "resolved": "https://registry.npmjs.org/qr-creator/-/qr-creator-1.0.0.tgz",
      "integrity": "sha512-C0cqfbS1P5hfqN4NhsYsUXePlk9BO+a45bAQ3xLYjBL3bOIFzoVEjs79Fado9u9BPBD3buHi3+vY+C8tHh4qMQ==",
      "license": "MIT"
    },
    "node_modules/sort-keys": {
      "version": "5.1.0",
      "resolved": "https://registry.npmjs.org/sort-keys/-/sort-keys-5.1.0.tgz",
      "integrity": "sha512-aSbHV0DaBcr7u0PVHXzM6NbZNAtrr9sF6+Qfs9UUVG7Ll3jQ6hHi8F/xqIIcn2rvIVbr0v/2zyjSdwSV47AgLQ==",
      "license": "MIT",
      "dependencies": {
        "is-plain-obj": "^4.0.0"
      },
      "engines": {
        "node": ">=12"
      },
      "funding": {
        "url": "https://github.com/sponsors/sindresorhus"
      }
    },
    "node_modules/ws": {
      "version": "8.18.0",
      "resolved": "https://registry.npmjs.org/ws/-/ws-8.18.0.tgz",
      "integrity": "sha512-8VbfWfHLbbwu3+N6OKsOMpBdT4kXPDDB9cJk2bJ6mh9ucxdlnNvH1e+roYkKmN9Nxw2yjz7VzeO9oOz2zJ04Pw==",
      "license": "MIT",
      "engines": {
        "node": ">=10.0.0"
      },
      "peerDependencies": {
        "bufferutil": "^4.0.1",
        "utf-8-validate": ">=5.0.2"
      },
      "peerDependenciesMeta": {
        "bufferutil": {
          "optional": true
        },
        "utf-8-validate": {
          "optional": true
        }
      }
    }
  }
}
